{
  "name": "decidim-module-homepage_interactive_map",
  "lockfileVersion": 2,
  "requires": true,
  "packages": {
    "": {
      "dependencies": {
        "jquery": "^3.6.0",
        "jsrender": "^1.0.11",
        "leaflet": "^1.8.0",
        "leaflet.featuregroup.subgroup": "^1.0.2",
        "proj4": "^2.8.0",
        "proj4leaflet": "^1.0.2",
        "sass-embedded": "~1.57.1"
      }
    },
    "node_modules/buffer-builder": {
      "version": "0.2.0",
      "resolved": "https://registry.npmjs.org/buffer-builder/-/buffer-builder-0.2.0.tgz",
      "integrity": "sha512-7VPMEPuYznPSoR21NE1zvd2Xna6c/CloiZCfcMXR1Jny6PjX0N4Nsa38zcBFo/FMK+BlA+FLKbJCQ0i2yxp+Xg=="
    },
    "node_modules/google-protobuf": {
      "version": "3.21.2",
      "resolved": "https://registry.npmjs.org/google-protobuf/-/google-protobuf-3.21.2.tgz",
      "integrity": "sha512-3MSOYFO5U9mPGikIYCzK0SaThypfGgS6bHqrUGXG3DPHCrb+txNqeEcns1W0lkGfk0rCyNXm7xB9rMxnCiZOoA=="
    },
    "node_modules/has-flag": {
      "version": "4.0.0",
      "resolved": "https://registry.npmjs.org/has-flag/-/has-flag-4.0.0.tgz",
      "integrity": "sha512-EykJT/Q1KjTWctppgIAgfSO0tKVuZUjhgMr17kqTumMl6Afv3EISleU7qZUzoXDFTAHTDC4NOoG/ZxU3EvlMPQ==",
      "engines": {
        "node": ">=8"
      }
    },
    "node_modules/immutable": {
      "version": "4.2.4",
      "resolved": "https://registry.npmjs.org/immutable/-/immutable-4.2.4.tgz",
      "integrity": "sha512-WDxL3Hheb1JkRN3sQkyujNlL/xRjAo3rJtaU5xeufUauG66JdMr32bLj4gF+vWl84DIA3Zxw7tiAjneYzRRw+w=="
    },
    "node_modules/inherits": {
      "version": "2.0.4",
      "resolved": "https://registry.npmjs.org/inherits/-/inherits-2.0.4.tgz",
      "integrity": "sha512-k/vGaX4/Yla3WzyMCvTQOXYeIHvqOKtnqBduzTHpzpQZzAskKMhZ2K+EnBiSM9zGSoIFeMpXKxa4dYeZIQqewQ=="
    },
    "node_modules/jquery": {
      "version": "3.6.0",
      "resolved": "https://registry.npmjs.org/jquery/-/jquery-3.6.0.tgz",
      "integrity": "sha512-JVzAR/AjBvVt2BmYhxRCSYysDsPcssdmTFnzyLEts9qNwmjmu4JTAMYubEfwVOSwpQ1I1sKKFcxhZCI2buerfw=="
    },
    "node_modules/jsrender": {
      "version": "1.0.11",
      "resolved": "https://registry.npmjs.org/jsrender/-/jsrender-1.0.11.tgz",
      "integrity": "sha512-1BFRSKCgO8T1o3QB16/CYqnxLVxgIdXnXBmZcyLQOlEwxVfktCHXcC7n2o9lziI//pKEc5QzI92vglvBnoddRw==",
      "dependencies": {
        "through2": "^3.0.1"
      }
    },
    "node_modules/leaflet": {
      "version": "1.8.0",
      "resolved": "https://registry.npmjs.org/leaflet/-/leaflet-1.8.0.tgz",
      "integrity": "sha512-gwhMjFCQiYs3x/Sf+d49f10ERXaEFCPr+nVTryhAW8DWbMGqJqt9G4XuIaHmFW08zYvhgdzqXGr8AlW8v8dQkA=="
    },
    "node_modules/leaflet.featuregroup.subgroup": {
      "version": "1.0.2",
      "resolved": "https://registry.npmjs.org/leaflet.featuregroup.subgroup/-/leaflet.featuregroup.subgroup-1.0.2.tgz",
      "integrity": "sha512-9nCVg8nUe686+BtPbUT7ALOe/IA+8Mum+rkA8pfPpCkH0WvKevRrH+JMcMTjAoNQKVI0uxrWrLV5w298SS3ESA=="
    },
    "node_modules/mgrs": {
      "version": "1.0.0",
      "resolved": "https://registry.npmjs.org/mgrs/-/mgrs-1.0.0.tgz",
      "integrity": "sha512-awNbTOqCxK1DBGjalK3xqWIstBZgN6fxsMSiXLs9/spqWkF2pAhb2rrYCFSsr1/tT7PhcDGjZndG8SWYn0byYA=="
    },
    "node_modules/proj4": {
      "version": "2.8.0",
      "resolved": "https://registry.npmjs.org/proj4/-/proj4-2.8.0.tgz",
      "integrity": "sha512-baC+YcD4xsSqJ+CpCZljj2gcQDhlKb+J+Zjv/2KSBwWNjk4M0pafgQsE+mWurd84tflMIsP+7j7mtIpFDHzQfQ==",
      "dependencies": {
        "mgrs": "1.0.0",
        "wkt-parser": "^1.3.1"
      }
    },
    "node_modules/proj4leaflet": {
      "version": "1.0.2",
      "resolved": "https://registry.npmjs.org/proj4leaflet/-/proj4leaflet-1.0.2.tgz",
      "integrity": "sha512-6GdDeUlhX/tHUiMEj80xQhlPjwrXcdfD0D5OBymY8WvxfbmZcdhNqQk7n7nFf53ue6QdP9ls9ZPjsAxnbZDTsw==",
      "dependencies": {
        "proj4": "^2.3.14"
      }
    },
    "node_modules/readable-stream": {
      "version": "3.6.0",
      "resolved": "https://registry.npmjs.org/readable-stream/-/readable-stream-3.6.0.tgz",
      "integrity": "sha512-BViHy7LKeTz4oNnkcLJ+lVSL6vpiFeX6/d3oSH8zCW7UxP2onchk+vTGB143xuFjHS3deTgkKoXXymXqymiIdA==",
      "dependencies": {
        "inherits": "^2.0.3",
        "string_decoder": "^1.1.1",
        "util-deprecate": "^1.0.1"
      },
      "engines": {
        "node": ">= 6"
      }
    },
    "node_modules/rxjs": {
      "version": "7.8.0",
      "resolved": "https://registry.npmjs.org/rxjs/-/rxjs-7.8.0.tgz",
      "integrity": "sha512-F2+gxDshqmIub1KdvZkaEfGDwLNpPvk9Fs6LD/MyQxNgMds/WH9OdDDXOmxUZpME+iSK3rQCctkL0DYyytUqMg==",
      "dependencies": {
        "tslib": "^2.1.0"
      }
    },
    "node_modules/safe-buffer": {
      "version": "5.2.1",
      "resolved": "https://registry.npmjs.org/safe-buffer/-/safe-buffer-5.2.1.tgz",
      "integrity": "sha512-rp3So07KcdmmKbGvgaNxQSJr7bGVSVk5S9Eq1F+ppbRo70+YeaDxkw5Dd8NPN+GD6bjnYm2VuPuCXmpuYvmCXQ==",
      "funding": [
        {
          "type": "github",
          "url": "https://github.com/sponsors/feross"
        },
        {
          "type": "patreon",
          "url": "https://www.patreon.com/feross"
        },
        {
          "type": "consulting",
          "url": "https://feross.org/support"
        }
      ]
    },
    "node_modules/sass-embedded": {
      "version": "1.57.1",
      "resolved": "https://registry.npmjs.org/sass-embedded/-/sass-embedded-1.57.1.tgz",
      "integrity": "sha512-O0s796x76bRSJIdmJ4lrK+zJLtF3XeP+0tbJzR4NAPSDnWqHLk2boUYSdfx4DnF4x9rGmcVlMWFE8UvnLMNCmw==",
      "dependencies": {
        "buffer-builder": "^0.2.0",
        "google-protobuf": "^3.11.4",
        "immutable": "^4.0.0",
        "rxjs": "^7.4.0",
        "supports-color": "^8.1.1"
      },
      "engines": {
        "node": ">=14.0.0"
      },
      "optionalDependencies": {
        "sass-embedded-darwin-arm64": "1.57.1",
        "sass-embedded-darwin-x64": "1.57.1",
        "sass-embedded-linux-arm": "1.57.1",
        "sass-embedded-linux-arm64": "1.57.1",
        "sass-embedded-linux-ia32": "1.57.1",
        "sass-embedded-linux-x64": "1.57.1",
        "sass-embedded-win32-ia32": "1.57.1",
        "sass-embedded-win32-x64": "1.57.1"
      }
    },
    "node_modules/sass-embedded-darwin-arm64": {
      "version": "1.57.1",
      "resolved": "https://registry.npmjs.org/sass-embedded-darwin-arm64/-/sass-embedded-darwin-arm64-1.57.1.tgz",
      "integrity": "sha512-YSfrLZkM2HdXETQdSznv2DN2GdkmBNWLAlHfDWe0toSEIB2C2YGuoqHYZtl6PBYqu8k8FH4TDyct8VzoIa+rMw==",
      "cpu": [
        "arm64"
      ],
      "optional": true,
      "os": [
        "darwin"
      ],
      "engines": {
        "node": ">=14.0.0"
      }
    },
    "node_modules/sass-embedded-darwin-x64": {
      "version": "1.57.1",
      "resolved": "https://registry.npmjs.org/sass-embedded-darwin-x64/-/sass-embedded-darwin-x64-1.57.1.tgz",
      "integrity": "sha512-xq2Au8CRLHQ+MqH2p8gQn9rYGtfQ8voCWMRz7klYmmh5kXHFjefG3opPPB8mJeSc3SIqE35SQxQEIhUbsxozpg==",
      "cpu": [
        "x64"
      ],
      "optional": true,
      "os": [
        "darwin"
      ],
      "engines": {
        "node": ">=14.0.0"
      }
    },
    "node_modules/sass-embedded-linux-arm": {
      "version": "1.57.1",
      "resolved": "https://registry.npmjs.org/sass-embedded-linux-arm/-/sass-embedded-linux-arm-1.57.1.tgz",
      "integrity": "sha512-s+roBIgiQSg8124JmYmiSw4THWRvkF2BOclBZCb+OFLa8ZTak2WZdGs0PhqkMmZypxQ7cewh9ts+sOWN24yIrw==",
      "cpu": [
        "arm"
      ],
      "optional": true,
      "os": [
        "linux"
      ],
      "engines": {
        "node": ">=14.0.0"
      }
    },
    "node_modules/sass-embedded-linux-arm64": {
      "version": "1.57.1",
      "resolved": "https://registry.npmjs.org/sass-embedded-linux-arm64/-/sass-embedded-linux-arm64-1.57.1.tgz",
      "integrity": "sha512-R0GqVqf0xEhQ5nDbj7vqmKw+/1kqiURNBl0pD4uv4inBed2YKg+7agn7Y5XE5GUWbgOz7ubjL2kt4Glr7K7xeA==",
      "cpu": [
        "arm64"
      ],
      "optional": true,
      "os": [
        "linux"
      ],
      "engines": {
        "node": ">=14.0.0"
      }
    },
    "node_modules/sass-embedded-linux-ia32": {
      "version": "1.57.1",
      "resolved": "https://registry.npmjs.org/sass-embedded-linux-ia32/-/sass-embedded-linux-ia32-1.57.1.tgz",
      "integrity": "sha512-gKqMpfcjrW4S1m+cuRn88oUkr/HMv48CqyCHnfGCsrkTpIft33a1ZKW2jWm09rwmR0g/G6yGstoQO0iHWJWxuQ==",
      "cpu": [
        "ia32"
      ],
      "optional": true,
      "os": [
        "linux"
      ],
      "engines": {
        "node": ">=14.0.0"
      }
    },
    "node_modules/sass-embedded-linux-x64": {
      "version": "1.57.1",
      "resolved": "https://registry.npmjs.org/sass-embedded-linux-x64/-/sass-embedded-linux-x64-1.57.1.tgz",
      "integrity": "sha512-AI6CrcuLWP22RXhVrZUN2JfdQ7YdFR30dA4twYwp/Q4hUfj85dJrVD5ORi8G04haMWPOQiFV6pBcMgzpiY2Bog==",
      "cpu": [
        "x64"
      ],
      "optional": true,
      "os": [
        "linux"
      ],
      "engines": {
        "node": ">=14.0.0"
      }
    },
    "node_modules/sass-embedded-win32-ia32": {
      "version": "1.57.1",
      "resolved": "https://registry.npmjs.org/sass-embedded-win32-ia32/-/sass-embedded-win32-ia32-1.57.1.tgz",
      "integrity": "sha512-s7EhJLG9AnJNBga3I+W0rk6y/1n/i0XD34rvqR3yJgBhNKkI5rVCxFN7FAcGR50vQQbCO1MrUCmuVvld+2qvyQ==",
      "cpu": [
        "ia32"
      ],
      "optional": true,
      "os": [
        "win32"
      ],
      "engines": {
        "node": ">=14.0.0"
      }
    },
    "node_modules/sass-embedded-win32-x64": {
      "version": "1.57.1",
      "resolved": "https://registry.npmjs.org/sass-embedded-win32-x64/-/sass-embedded-win32-x64-1.57.1.tgz",
      "integrity": "sha512-b/Kgz7ADPTlPITk8e47Zf3eiuXlTGhi/eWsAoesUmkjR7jayvFNLHPhThgiRAxkzT6UlWI3Dzr+E3OBqUjegEg==",
      "cpu": [
        "x64"
      ],
      "optional": true,
      "os": [
        "win32"
      ],
      "engines": {
        "node": ">=14.0.0"
      }
    },
    "node_modules/string_decoder": {
      "version": "1.3.0",
      "resolved": "https://registry.npmjs.org/string_decoder/-/string_decoder-1.3.0.tgz",
      "integrity": "sha512-hkRX8U1WjJFd8LsDJ2yQ/wWWxaopEsABU1XfkM8A+j0+85JAGppt16cr1Whg6KIbb4okU6Mql6BOj+uup/wKeA==",
      "dependencies": {
        "safe-buffer": "~5.2.0"
      }
    },
    "node_modules/supports-color": {
      "version": "8.1.1",
      "resolved": "https://registry.npmjs.org/supports-color/-/supports-color-8.1.1.tgz",
      "integrity": "sha512-MpUEN2OodtUzxvKQl72cUF7RQ5EiHsGvSsVG0ia9c5RbWGL2CI4C7EpPS8UTBIplnlzZiNuV56w+FuNxy3ty2Q==",
      "dependencies": {
        "has-flag": "^4.0.0"
      },
      "engines": {
        "node": ">=10"
      },
      "funding": {
        "url": "https://github.com/chalk/supports-color?sponsor=1"
      }
    },
    "node_modules/through2": {
      "version": "3.0.2",
      "resolved": "https://registry.npmjs.org/through2/-/through2-3.0.2.tgz",
      "integrity": "sha512-enaDQ4MUyP2W6ZyT6EsMzqBPZaM/avg8iuo+l2d3QCs0J+6RaqkHV/2/lOwDTueBHeJ/2LG9lrLW3d5rWPucuQ==",
      "dependencies": {
        "inherits": "^2.0.4",
        "readable-stream": "2 || 3"
      }
    },
    "node_modules/tslib": {
      "version": "2.5.0",
      "resolved": "https://registry.npmjs.org/tslib/-/tslib-2.5.0.tgz",
      "integrity": "sha512-336iVw3rtn2BUK7ORdIAHTyxHGRIHVReokCR3XjbckJMK7ms8FysBfhLR8IXnAgy7T0PTPNBWKiH514FOW/WSg=="
    },
    "node_modules/util-deprecate": {
      "version": "1.0.2",
      "resolved": "https://registry.npmjs.org/util-deprecate/-/util-deprecate-1.0.2.tgz",
      "integrity": "sha512-EPD5q1uXyFxJpCrLnCc1nHnq3gOa6DZBocAIiI2TaSCA7VCJ1UJDMagCzIkXNsUYfD1daK//LTEQ8xiIbrHtcw=="
    },
    "node_modules/wkt-parser": {
      "version": "1.3.2",
      "resolved": "https://registry.npmjs.org/wkt-parser/-/wkt-parser-1.3.2.tgz",
      "integrity": "sha512-A26BOOo7sHAagyxG7iuRhnKMO7Q3mEOiOT4oGUmohtN/Li5wameeU4S6f8vWw6NADTVKljBs8bzA8JPQgSEMVQ=="
    }
  },
  "dependencies": {
    "buffer-builder": {
      "version": "0.2.0",
      "resolved": "https://registry.npmjs.org/buffer-builder/-/buffer-builder-0.2.0.tgz",
      "integrity": "sha512-7VPMEPuYznPSoR21NE1zvd2Xna6c/CloiZCfcMXR1Jny6PjX0N4Nsa38zcBFo/FMK+BlA+FLKbJCQ0i2yxp+Xg=="
    },
    "google-protobuf": {
      "version": "3.21.2",
      "resolved": "https://registry.npmjs.org/google-protobuf/-/google-protobuf-3.21.2.tgz",
      "integrity": "sha512-3MSOYFO5U9mPGikIYCzK0SaThypfGgS6bHqrUGXG3DPHCrb+txNqeEcns1W0lkGfk0rCyNXm7xB9rMxnCiZOoA=="
    },
    "has-flag": {
      "version": "4.0.0",
      "resolved": "https://registry.npmjs.org/has-flag/-/has-flag-4.0.0.tgz",
      "integrity": "sha512-EykJT/Q1KjTWctppgIAgfSO0tKVuZUjhgMr17kqTumMl6Afv3EISleU7qZUzoXDFTAHTDC4NOoG/ZxU3EvlMPQ=="
    },
    "immutable": {
      "version": "4.2.4",
      "resolved": "https://registry.npmjs.org/immutable/-/immutable-4.2.4.tgz",
      "integrity": "sha512-WDxL3Hheb1JkRN3sQkyujNlL/xRjAo3rJtaU5xeufUauG66JdMr32bLj4gF+vWl84DIA3Zxw7tiAjneYzRRw+w=="
    },
    "inherits": {
      "version": "2.0.4",
      "resolved": "https://registry.npmjs.org/inherits/-/inherits-2.0.4.tgz",
      "integrity": "sha512-k/vGaX4/Yla3WzyMCvTQOXYeIHvqOKtnqBduzTHpzpQZzAskKMhZ2K+EnBiSM9zGSoIFeMpXKxa4dYeZIQqewQ=="
    },
    "jquery": {
      "version": "3.6.0",
      "resolved": "https://registry.npmjs.org/jquery/-/jquery-3.6.0.tgz",
      "integrity": "sha512-JVzAR/AjBvVt2BmYhxRCSYysDsPcssdmTFnzyLEts9qNwmjmu4JTAMYubEfwVOSwpQ1I1sKKFcxhZCI2buerfw=="
    },
    "jsrender": {
      "version": "1.0.11",
      "resolved": "https://registry.npmjs.org/jsrender/-/jsrender-1.0.11.tgz",
      "integrity": "sha512-1BFRSKCgO8T1o3QB16/CYqnxLVxgIdXnXBmZcyLQOlEwxVfktCHXcC7n2o9lziI//pKEc5QzI92vglvBnoddRw==",
      "requires": {
        "through2": "^3.0.1"
      }
    },
    "leaflet": {
      "version": "1.8.0",
      "resolved": "https://registry.npmjs.org/leaflet/-/leaflet-1.8.0.tgz",
      "integrity": "sha512-gwhMjFCQiYs3x/Sf+d49f10ERXaEFCPr+nVTryhAW8DWbMGqJqt9G4XuIaHmFW08zYvhgdzqXGr8AlW8v8dQkA=="
    },
    "leaflet.featuregroup.subgroup": {
      "version": "1.0.2",
      "resolved": "https://registry.npmjs.org/leaflet.featuregroup.subgroup/-/leaflet.featuregroup.subgroup-1.0.2.tgz",
      "integrity": "sha512-9nCVg8nUe686+BtPbUT7ALOe/IA+8Mum+rkA8pfPpCkH0WvKevRrH+JMcMTjAoNQKVI0uxrWrLV5w298SS3ESA=="
    },
    "mgrs": {
      "version": "1.0.0",
      "resolved": "https://registry.npmjs.org/mgrs/-/mgrs-1.0.0.tgz",
      "integrity": "sha512-awNbTOqCxK1DBGjalK3xqWIstBZgN6fxsMSiXLs9/spqWkF2pAhb2rrYCFSsr1/tT7PhcDGjZndG8SWYn0byYA=="
    },
    "proj4": {
      "version": "2.8.0",
      "resolved": "https://registry.npmjs.org/proj4/-/proj4-2.8.0.tgz",
      "integrity": "sha512-baC+YcD4xsSqJ+CpCZljj2gcQDhlKb+J+Zjv/2KSBwWNjk4M0pafgQsE+mWurd84tflMIsP+7j7mtIpFDHzQfQ==",
      "requires": {
        "mgrs": "1.0.0",
        "wkt-parser": "^1.3.1"
      }
    },
    "proj4leaflet": {
      "version": "1.0.2",
      "resolved": "https://registry.npmjs.org/proj4leaflet/-/proj4leaflet-1.0.2.tgz",
      "integrity": "sha512-6GdDeUlhX/tHUiMEj80xQhlPjwrXcdfD0D5OBymY8WvxfbmZcdhNqQk7n7nFf53ue6QdP9ls9ZPjsAxnbZDTsw==",
      "requires": {
        "proj4": "^2.3.14"
      }
    },
    "readable-stream": {
      "version": "3.6.0",
      "resolved": "https://registry.npmjs.org/readable-stream/-/readable-stream-3.6.0.tgz",
      "integrity": "sha512-BViHy7LKeTz4oNnkcLJ+lVSL6vpiFeX6/d3oSH8zCW7UxP2onchk+vTGB143xuFjHS3deTgkKoXXymXqymiIdA==",
      "requires": {
        "inherits": "^2.0.3",
        "string_decoder": "^1.1.1",
        "util-deprecate": "^1.0.1"
      }
    },
    "rxjs": {
      "version": "7.8.0",
      "resolved": "https://registry.npmjs.org/rxjs/-/rxjs-7.8.0.tgz",
      "integrity": "sha512-F2+gxDshqmIub1KdvZkaEfGDwLNpPvk9Fs6LD/MyQxNgMds/WH9OdDDXOmxUZpME+iSK3rQCctkL0DYyytUqMg==",
      "requires": {
        "tslib": "^2.1.0"
      }
    },
    "safe-buffer": {
      "version": "5.2.1",
      "resolved": "https://registry.npmjs.org/safe-buffer/-/safe-buffer-5.2.1.tgz",
      "integrity": "sha512-rp3So07KcdmmKbGvgaNxQSJr7bGVSVk5S9Eq1F+ppbRo70+YeaDxkw5Dd8NPN+GD6bjnYm2VuPuCXmpuYvmCXQ=="
    },
    "sass-embedded": {
      "version": "1.57.1",
      "resolved": "https://registry.npmjs.org/sass-embedded/-/sass-embedded-1.57.1.tgz",
      "integrity": "sha512-O0s796x76bRSJIdmJ4lrK+zJLtF3XeP+0tbJzR4NAPSDnWqHLk2boUYSdfx4DnF4x9rGmcVlMWFE8UvnLMNCmw==",
      "requires": {
        "buffer-builder": "^0.2.0",
        "google-protobuf": "^3.11.4",
        "immutable": "^4.0.0",
        "rxjs": "^7.4.0",
        "sass-embedded-darwin-arm64": "1.57.1",
        "sass-embedded-darwin-x64": "1.57.1",
        "sass-embedded-linux-arm": "1.57.1",
        "sass-embedded-linux-arm64": "1.57.1",
        "sass-embedded-linux-ia32": "1.57.1",
        "sass-embedded-linux-x64": "1.57.1",
        "sass-embedded-win32-ia32": "1.57.1",
        "sass-embedded-win32-x64": "1.57.1",
        "supports-color": "^8.1.1"
      }
    },
    "sass-embedded-darwin-arm64": {
      "version": "1.57.1",
      "resolved": "https://registry.npmjs.org/sass-embedded-darwin-arm64/-/sass-embedded-darwin-arm64-1.57.1.tgz",
      "integrity": "sha512-YSfrLZkM2HdXETQdSznv2DN2GdkmBNWLAlHfDWe0toSEIB2C2YGuoqHYZtl6PBYqu8k8FH4TDyct8VzoIa+rMw==",
      "optional": true
    },
    "sass-embedded-darwin-x64": {
      "version": "1.57.1",
      "resolved": "https://registry.npmjs.org/sass-embedded-darwin-x64/-/sass-embedded-darwin-x64-1.57.1.tgz",
      "integrity": "sha512-xq2Au8CRLHQ+MqH2p8gQn9rYGtfQ8voCWMRz7klYmmh5kXHFjefG3opPPB8mJeSc3SIqE35SQxQEIhUbsxozpg==",
      "optional": true
    },
    "sass-embedded-linux-arm": {
      "version": "1.57.1",
      "resolved": "https://registry.npmjs.org/sass-embedded-linux-arm/-/sass-embedded-linux-arm-1.57.1.tgz",
      "integrity": "sha512-s+roBIgiQSg8124JmYmiSw4THWRvkF2BOclBZCb+OFLa8ZTak2WZdGs0PhqkMmZypxQ7cewh9ts+sOWN24yIrw==",
      "optional": true
    },
    "sass-embedded-linux-arm64": {
      "version": "1.57.1",
      "resolved": "https://registry.npmjs.org/sass-embedded-linux-arm64/-/sass-embedded-linux-arm64-1.57.1.tgz",
      "integrity": "sha512-R0GqVqf0xEhQ5nDbj7vqmKw+/1kqiURNBl0pD4uv4inBed2YKg+7agn7Y5XE5GUWbgOz7ubjL2kt4Glr7K7xeA==",
      "optional": true
    },
    "sass-embedded-linux-ia32": {
      "version": "1.57.1",
      "resolved": "https://registry.npmjs.org/sass-embedded-linux-ia32/-/sass-embedded-linux-ia32-1.57.1.tgz",
      "integrity": "sha512-gKqMpfcjrW4S1m+cuRn88oUkr/HMv48CqyCHnfGCsrkTpIft33a1ZKW2jWm09rwmR0g/G6yGstoQO0iHWJWxuQ==",
      "optional": true
    },
    "sass-embedded-linux-x64": {
      "version": "1.57.1",
      "resolved": "https://registry.npmjs.org/sass-embedded-linux-x64/-/sass-embedded-linux-x64-1.57.1.tgz",
      "integrity": "sha512-AI6CrcuLWP22RXhVrZUN2JfdQ7YdFR30dA4twYwp/Q4hUfj85dJrVD5ORi8G04haMWPOQiFV6pBcMgzpiY2Bog==",
      "optional": true
    },
    "sass-embedded-win32-ia32": {
      "version": "1.57.1",
      "resolved": "https://registry.npmjs.org/sass-embedded-win32-ia32/-/sass-embedded-win32-ia32-1.57.1.tgz",
      "integrity": "sha512-s7EhJLG9AnJNBga3I+W0rk6y/1n/i0XD34rvqR3yJgBhNKkI5rVCxFN7FAcGR50vQQbCO1MrUCmuVvld+2qvyQ==",
      "optional": true
    },
    "sass-embedded-win32-x64": {
      "version": "1.57.1",
      "resolved": "https://registry.npmjs.org/sass-embedded-win32-x64/-/sass-embedded-win32-x64-1.57.1.tgz",
      "integrity": "sha512-b/Kgz7ADPTlPITk8e47Zf3eiuXlTGhi/eWsAoesUmkjR7jayvFNLHPhThgiRAxkzT6UlWI3Dzr+E3OBqUjegEg==",
      "optional": true
    },
    "string_decoder": {
      "version": "1.3.0",
      "resolved": "https://registry.npmjs.org/string_decoder/-/string_decoder-1.3.0.tgz",
      "integrity": "sha512-hkRX8U1WjJFd8LsDJ2yQ/wWWxaopEsABU1XfkM8A+j0+85JAGppt16cr1Whg6KIbb4okU6Mql6BOj+uup/wKeA==",
      "requires": {
        "safe-buffer": "~5.2.0"
      }
    },
    "supports-color": {
      "version": "8.1.1",
      "resolved": "https://registry.npmjs.org/supports-color/-/supports-color-8.1.1.tgz",
      "integrity": "sha512-MpUEN2OodtUzxvKQl72cUF7RQ5EiHsGvSsVG0ia9c5RbWGL2CI4C7EpPS8UTBIplnlzZiNuV56w+FuNxy3ty2Q==",
      "requires": {
        "has-flag": "^4.0.0"
      }
    },
    "through2": {
      "version": "3.0.2",
      "resolved": "https://registry.npmjs.org/through2/-/through2-3.0.2.tgz",
      "integrity": "sha512-enaDQ4MUyP2W6ZyT6EsMzqBPZaM/avg8iuo+l2d3QCs0J+6RaqkHV/2/lOwDTueBHeJ/2LG9lrLW3d5rWPucuQ==",
      "requires": {
        "inherits": "^2.0.4",
        "readable-stream": "2 || 3"
      }
    },
    "tslib": {
      "version": "2.5.0",
      "resolved": "https://registry.npmjs.org/tslib/-/tslib-2.5.0.tgz",
      "integrity": "sha512-336iVw3rtn2BUK7ORdIAHTyxHGRIHVReokCR3XjbckJMK7ms8FysBfhLR8IXnAgy7T0PTPNBWKiH514FOW/WSg=="
    },
    "util-deprecate": {
      "version": "1.0.2",
      "resolved": "https://registry.npmjs.org/util-deprecate/-/util-deprecate-1.0.2.tgz",
      "integrity": "sha512-EPD5q1uXyFxJpCrLnCc1nHnq3gOa6DZBocAIiI2TaSCA7VCJ1UJDMagCzIkXNsUYfD1daK//LTEQ8xiIbrHtcw=="
    },
    "wkt-parser": {
      "version": "1.3.2",
      "resolved": "https://registry.npmjs.org/wkt-parser/-/wkt-parser-1.3.2.tgz",
      "integrity": "sha512-A26BOOo7sHAagyxG7iuRhnKMO7Q3mEOiOT4oGUmohtN/Li5wameeU4S6f8vWw6NADTVKljBs8bzA8JPQgSEMVQ=="
    }
  }
}
