{
  "name": "decidim-module-homepage_interactive_map",
  "lockfileVersion": 2,
  "requires": true,
  "packages": {
    "": {
      "dependencies": {
        "leaflet.featuregroup.subgroup": "^1.0.2"
      }
    },
    "node_modules/leaflet.featuregroup.subgroup": {
      "version": "1.0.2",
      "resolved": "https://registry.npmjs.org/leaflet.featuregroup.subgroup/-/leaflet.featuregroup.subgroup-1.0.2.tgz",
      "integrity": "sha512-9nCVg8nUe686+BtPbUT7ALOe/IA+8Mum+rkA8pfPpCkH0WvKevRrH+JMcMTjAoNQKVI0uxrWrLV5w298SS3ESA=="
    }
  },
  "dependencies": {
    "leaflet.featuregroup.subgroup": {
      "version": "1.0.2",
      "resolved": "https://registry.npmjs.org/leaflet.featuregroup.subgroup/-/leaflet.featuregroup.subgroup-1.0.2.tgz",
      "integrity": "sha512-9nCVg8nUe686+BtPbUT7ALOe/IA+8Mum+rkA8pfPpCkH0WvKevRrH+JMcMTjAoNQKVI0uxrWrLV5w298SS3ESA=="
    }
  }
}
